// !$*UTF8*$!
{
	archiveVersion = 1;
	classes = {
	};
	objectVersion = 46;
	objects = {

/* Begin PBXBuildFile section */
		77D9FE191A96E84A001CE02B /* main.m in Sources */ = {isa = PBXBuildFile; fileRef = 77D9FE181A96E84A001CE02B /* main.m */; };
		77D9FE1C1A96E84A001CE02B /* AppDelegate.m in Sources */ = {isa = PBXBuildFile; fileRef = 77D9FE1B1A96E84A001CE02B /* AppDelegate.m */; };
		77D9FE1F1A96E84A001CE02B /* ViewController.m in Sources */ = {isa = PBXBuildFile; fileRef = 77D9FE1E1A96E84A001CE02B /* ViewController.m */; };
		77D9FE221A96E84A001CE02B /* Main.storyboard in Resources */ = {isa = PBXBuildFile; fileRef = 77D9FE201A96E84A001CE02B /* Main.storyboard */; };
		77D9FE241A96E84A001CE02B /* Images.xcassets in Resources */ = {isa = PBXBuildFile; fileRef = 77D9FE231A96E84A001CE02B /* Images.xcassets */; };
		77D9FE271A96E84A001CE02B /* LaunchScreen.xib in Resources */ = {isa = PBXBuildFile; fileRef = 77D9FE251A96E84A001CE02B /* LaunchScreen.xib */; };
		77D9FE331A96E84A001CE02B /* D62DataProtectionTests.m in Sources */ = {isa = PBXBuildFile; fileRef = 77D9FE321A96E84A001CE02B /* D62DataProtectionTests.m */; };
/* End PBXBuildFile section */

/* Begin PBXContainerItemProxy section */
		77D9FE2D1A96E84A001CE02B /* PBXContainerItemProxy */ = {
			isa = PBXContainerItemProxy;
			containerPortal = 77D9FE0B1A96E84A001CE02B /* Project object */;
			proxyType = 1;
			remoteGlobalIDString = 77D9FE121A96E84A001CE02B;
			remoteInfo = D62DataProtection;
		};
/* End PBXContainerItemProxy section */

/* Begin PBXFileReference section */
		77D9FE131A96E84A001CE02B /* D62DataProtection.app */ = {isa = PBXFileReference; explicitFileType = wrapper.application; includeInIndex = 0; path = D62DataProtection.app; sourceTree = BUILT_PRODUCTS_DIR; };
		77D9FE171A96E84A001CE02B /* Info.plist */ = {isa = PBXFileReference; lastKnownFileType = text.plist.xml; path = Info.plist; sourceTree = "<group>"; };
		77D9FE181A96E84A001CE02B /* main.m */ = {isa = PBXFileReference; lastKnownFileType = sourcecode.c.objc; path = main.m; sourceTree = "<group>"; };
		77D9FE1A1A96E84A001CE02B /* AppDelegate.h */ = {isa = PBXFileReference; lastKnownFileType = sourcecode.c.h; path = AppDelegate.h; sourceTree = "<group>"; };
		77D9FE1B1A96E84A001CE02B /* AppDelegate.m */ = {isa = PBXFileReference; lastKnownFileType = sourcecode.c.objc; path = AppDelegate.m; sourceTree = "<group>"; };
		77D9FE1D1A96E84A001CE02B /* ViewController.h */ = {isa = PBXFileReference; lastKnownFileType = sourcecode.c.h; path = ViewController.h; sourceTree = "<group>"; };
		77D9FE1E1A96E84A001CE02B /* ViewController.m */ = {isa = PBXFileReference; lastKnownFileType = sourcecode.c.objc; path = ViewController.m; sourceTree = "<group>"; };
		77D9FE211A96E84A001CE02B /* Base */ = {isa = PBXFileReference; lastKnownFileType = file.storyboard; name = Base; path = Base.lproj/Main.storyboard; sourceTree = "<group>"; };
		77D9FE231A96E84A001CE02B /* Images.xcassets */ = {isa = PBXFileReference; lastKnownFileType = folder.assetcatalog; path = Images.xcassets; sourceTree = "<group>"; };
		77D9FE261A96E84A001CE02B /* Base */ = {isa = PBXFileReference; lastKnownFileType = file.xib; name = Base; path = Base.lproj/LaunchScreen.xib; sourceTree = "<group>"; };
		77D9FE2C1A96E84A001CE02B /* D62DataProtectionTests.xctest */ = {isa = PBXFileReference; explicitFileType = wrapper.cfbundle; includeInIndex = 0; path = D62DataProtectionTests.xctest; sourceTree = BUILT_PRODUCTS_DIR; };
		77D9FE311A96E84A001CE02B /* Info.plist */ = {isa = PBXFileReference; lastKnownFileType = text.plist.xml; path = Info.plist; sourceTree = "<group>"; };
		77D9FE321A96E84A001CE02B /* D62DataProtectionTests.m */ = {isa = PBXFileReference; lastKnownFileType = sourcecode.c.objc; path = D62DataProtectionTests.m; sourceTree = "<group>"; };
/* End PBXFileReference section */

/* Begin PBXFrameworksBuildPhase section */
		77D9FE101A96E84A001CE02B /* Frameworks */ = {
			isa = PBXFrameworksBuildPhase;
			buildActionMask = 2147483647;
			files = (
			);
			runOnlyForDeploymentPostprocessing = 0;
		};
		77D9FE291A96E84A001CE02B /* Frameworks */ = {
			isa = PBXFrameworksBuildPhase;
			buildActionMask = 2147483647;
			files = (
			);
			runOnlyForDeploymentPostprocessing = 0;
		};
/* End PBXFrameworksBuildPhase section */

/* Begin PBXGroup section */
		77D9FE0A1A96E84A001CE02B = {
			isa = PBXGroup;
			children = (
				77D9FE151A96E84A001CE02B /* D62DataProtection */,
				77D9FE2F1A96E84A001CE02B /* D62DataProtectionTests */,
				77D9FE141A96E84A001CE02B /* Products */,
			);
			sourceTree = "<group>";
		};
		77D9FE141A96E84A001CE02B /* Products */ = {
			isa = PBXGroup;
			children = (
				77D9FE131A96E84A001CE02B /* D62DataProtection.app */,
				77D9FE2C1A96E84A001CE02B /* D62DataProtectionTests.xctest */,
			);
			name = Products;
			sourceTree = "<group>";
		};
		77D9FE151A96E84A001CE02B /* D62DataProtection */ = {
			isa = PBXGroup;
			children = (
				77D9FE1A1A96E84A001CE02B /* AppDelegate.h */,
				77D9FE1B1A96E84A001CE02B /* AppDelegate.m */,
				77D9FE1D1A96E84A001CE02B /* ViewController.h */,
				77D9FE1E1A96E84A001CE02B /* ViewController.m */,
				77D9FE201A96E84A001CE02B /* Main.storyboard */,
				77D9FE231A96E84A001CE02B /* Images.xcassets */,
				77D9FE251A96E84A001CE02B /* LaunchScreen.xib */,
				77D9FE161A96E84A001CE02B /* Supporting Files */,
			);
			path = D62DataProtection;
			sourceTree = "<group>";
		};
		77D9FE161A96E84A001CE02B /* Supporting Files */ = {
			isa = PBXGroup;
			children = (
				77D9FE171A96E84A001CE02B /* Info.plist */,
				77D9FE181A96E84A001CE02B /* main.m */,
			);
			name = "Supporting Files";
			sourceTree = "<group>";
		};
		77D9FE2F1A96E84A001CE02B /* D62DataProtectionTests */ = {
			isa = PBXGroup;
			children = (
				77D9FE321A96E84A001CE02B /* D62DataProtectionTests.m */,
				77D9FE301A96E84A001CE02B /* Supporting Files */,
			);
			path = D62DataProtectionTests;
			sourceTree = "<group>";
		};
		77D9FE301A96E84A001CE02B /* Supporting Files */ = {
			isa = PBXGroup;
			children = (
				77D9FE311A96E84A001CE02B /* Info.plist */,
			);
			name = "Supporting Files";
			sourceTree = "<group>";
		};
/* End PBXGroup section */

/* Begin PBXNativeTarget section */
		77D9FE121A96E84A001CE02B /* D62DataProtection */ = {
			isa = PBXNativeTarget;
			buildConfigurationList = 77D9FE361A96E84A001CE02B /* Build configuration list for PBXNativeTarget "D62DataProtection" */;
			buildPhases = (
				77D9FE0F1A96E84A001CE02B /* Sources */,
				77D9FE101A96E84A001CE02B /* Frameworks */,
				77D9FE111A96E84A001CE02B /* Resources */,
			);
			buildRules = (
			);
			dependencies = (
			);
			name = D62DataProtection;
			productName = D62DataProtection;
			productReference = 77D9FE131A96E84A001CE02B /* D62DataProtection.app */;
			productType = "com.apple.product-type.application";
		};
		77D9FE2B1A96E84A001CE02B /* D62DataProtectionTests */ = {
			isa = PBXNativeTarget;
			buildConfigurationList = 77D9FE391A96E84A001CE02B /* Build configuration list for PBXNativeTarget "D62DataProtectionTests" */;
			buildPhases = (
				77D9FE281A96E84A001CE02B /* Sources */,
				77D9FE291A96E84A001CE02B /* Frameworks */,
				77D9FE2A1A96E84A001CE02B /* Resources */,
			);
			buildRules = (
			);
			dependencies = (
				77D9FE2E1A96E84A001CE02B /* PBXTargetDependency */,
			);
			name = D62DataProtectionTests;
			productName = D62DataProtectionTests;
			productReference = 77D9FE2C1A96E84A001CE02B /* D62DataProtectionTests.xctest */;
			productType = "com.apple.product-type.bundle.unit-test";
		};
/* End PBXNativeTarget section */

/* Begin PBXProject section */
		77D9FE0B1A96E84A001CE02B /* Project object */ = {
			isa = PBXProject;
			attributes = {
				LastUpgradeCheck = 0610;
				ORGANIZATIONNAME = "Rommel Rico";
				TargetAttributes = {
					77D9FE121A96E84A001CE02B = {
						CreatedOnToolsVersion = 6.1.1;
						DevelopmentTeam = 4L2V3AB2J2;
						SystemCapabilities = {
							com.apple.DataProtection = {
								enabled = 0;
							};
						};
					};
					77D9FE2B1A96E84A001CE02B = {
						CreatedOnToolsVersion = 6.1.1;
						TestTargetID = 77D9FE121A96E84A001CE02B;
					};
				};
			};
			buildConfigurationList = 77D9FE0E1A96E84A001CE02B /* Build configuration list for PBXProject "D62DataProtection" */;
			compatibilityVersion = "Xcode 3.2";
			developmentRegion = English;
			hasScannedForEncodings = 0;
			knownRegions = (
				en,
				Base,
			);
			mainGroup = 77D9FE0A1A96E84A001CE02B;
			productRefGroup = 77D9FE141A96E84A001CE02B /* Products */;
			projectDirPath = "";
			projectRoot = "";
			targets = (
				77D9FE121A96E84A001CE02B /* D62DataProtection */,
				77D9FE2B1A96E84A001CE02B /* D62DataProtectionTests */,
			);
		};
/* End PBXProject section */

/* Begin PBXResourcesBuildPhase section */
		77D9FE111A96E84A001CE02B /* Resources */ = {
			isa = PBXResourcesBuildPhase;
			buildActionMask = 2147483647;
			files = (
				77D9FE221A96E84A001CE02B /* Main.storyboard in Resources */,
				77D9FE271A96E84A001CE02B /* LaunchScreen.xib in Resources */,
				77D9FE241A96E84A001CE02B /* Images.xcassets in Resources */,
			);
			runOnlyForDeploymentPostprocessing = 0;
		};
		77D9FE2A1A96E84A001CE02B /* Resources */ = {
			isa = PBXResourcesBuildPhase;
			buildActionMask = 2147483647;
			files = (
			);
			runOnlyForDeploymentPostprocessing = 0;
		};
/* End PBXResourcesBuildPhase section */

/* Begin PBXSourcesBuildPhase section */
		77D9FE0F1A96E84A001CE02B /* Sources */ = {
			isa = PBXSourcesBuildPhase;
			buildActionMask = 2147483647;
			files = (
				77D9FE1F1A96E84A001CE02B /* ViewController.m in Sources */,
				77D9FE1C1A96E84A001CE02B /* AppDelegate.m in Sources */,
				77D9FE191A96E84A001CE02B /* main.m in Sources */,
			);
			runOnlyForDeploymentPostprocessing = 0;
		};
		77D9FE281A96E84A001CE02B /* Sources */ = {
			isa = PBXSourcesBuildPhase;
			buildActionMask = 2147483647;
			files = (
				77D9FE331A96E84A001CE02B /* D62DataProtectionTests.m in Sources */,
			);
			runOnlyForDeploymentPostprocessing = 0;
		};
/* End PBXSourcesBuildPhase section */

/* Begin PBXTargetDependency section */
		77D9FE2E1A96E84A001CE02B /* PBXTargetDependency */ = {
			isa = PBXTargetDependency;
			target = 77D9FE121A96E84A001CE02B /* D62DataProtection */;
			targetProxy = 77D9FE2D1A96E84A001CE02B /* PBXContainerItemProxy */;
		};
/* End PBXTargetDependency section */

/* Begin PBXVariantGroup section */
		77D9FE201A96E84A001CE02B /* Main.storyboard */ = {
			isa = PBXVariantGroup;
			children = (
				77D9FE211A96E84A001CE02B /* Base */,
			);
			name = Main.storyboard;
			sourceTree = "<group>";
		};
		77D9FE251A96E84A001CE02B /* LaunchScreen.xib */ = {
			isa = PBXVariantGroup;
			children = (
				77D9FE261A96E84A001CE02B /* Base */,
			);
			name = LaunchScreen.xib;
			sourceTree = "<group>";
		};
/* End PBXVariantGroup section */

/* Begin XCBuildConfiguration section */
		77D9FE341A96E84A001CE02B /* Debug */ = {
			isa = XCBuildConfiguration;
			buildSettings = {
				ALWAYS_SEARCH_USER_PATHS = NO;
				CLANG_CXX_LANGUAGE_STANDARD = "gnu++0x";
				CLANG_CXX_LIBRARY = "libc++";
				CLANG_ENABLE_MODULES = YES;
				CLANG_ENABLE_OBJC_ARC = YES;
				CLANG_WARN_BOOL_CONVERSION = YES;
				CLANG_WARN_CONSTANT_CONVERSION = YES;
				CLANG_WARN_DIRECT_OBJC_ISA_USAGE = YES_ERROR;
				CLANG_WARN_EMPTY_BODY = YES;
				CLANG_WARN_ENUM_CONVERSION = YES;
				CLANG_WARN_INT_CONVERSION = YES;
				CLANG_WARN_OBJC_ROOT_CLASS = YES_ERROR;
				CLANG_WARN_UNREACHABLE_CODE = YES;
				CLANG_WARN__DUPLICATE_METHOD_MATCH = YES;
				"CODE_SIGN_IDENTITY[sdk=iphoneos*]" = "iPhone Developer";
				COPY_PHASE_STRIP = NO;
				ENABLE_STRICT_OBJC_MSGSEND = YES;
				GCC_C_LANGUAGE_STANDARD = gnu99;
				GCC_DYNAMIC_NO_PIC = NO;
				GCC_OPTIMIZATION_LEVEL = 0;
				GCC_PREPROCESSOR_DEFINITIONS = (
					"DEBUG=1",
					"$(inherited)",
				);
				GCC_SYMBOLS_PRIVATE_EXTERN = NO;
				GCC_WARN_64_TO_32_BIT_CONVERSION = YES;
				GCC_WARN_ABOUT_RETURN_TYPE = YES_ERROR;
				GCC_WARN_UNDECLARED_SELECTOR = YES;
				GCC_WARN_UNINITIALIZED_AUTOS = YES_AGGRESSIVE;
				GCC_WARN_UNUSED_FUNCTION = YES;
				GCC_WARN_UNUSED_VARIABLE = YES;
				IPHONEOS_DEPLOYMENT_TARGET = 8.1;
				MTL_ENABLE_DEBUG_INFO = YES;
				ONLY_ACTIVE_ARCH = YES;
				SDKROOT = iphoneos;
				TARGETED_DEVICE_FAMILY = "1,2";
			};
			name = Debug;
		};
		77D9FE351A96E84A001CE02B /* Release */ = {
			isa = XCBuildConfiguration;
			buildSettings = {
				ALWAYS_SEARCH_USER_PATHS = NO;
				CLANG_CXX_LANGUAGE_STANDARD = "gnu++0x";
				CLANG_CXX_LIBRARY = "libc++";
				CLANG_ENABLE_MODULES = YES;
				CLANG_ENABLE_OBJC_ARC = YES;
				CLANG_WARN_BOOL_CONVERSION = YES;
				CLANG_WARN_CONSTANT_CONVERSION = YES;
				CLANG_WARN_DIRECT_OBJC_ISA_USAGE = YES_ERROR;
				CLANG_WARN_EMPTY_BODY = YES;
				CLANG_WARN_ENUM_CONVERSION = YES;
				CLANG_WARN_INT_CONVERSION = YES;
				CLANG_WARN_OBJC_ROOT_CLASS = YES_ERROR;
				CLANG_WARN_UNREACHABLE_CODE = YES;
				CLANG_WARN__DUPLICATE_METHOD_MATCH = YES;
				"CODE_SIGN_IDENTITY[sdk=iphoneos*]" = "iPhone Developer";
				COPY_PHASE_STRIP = YES;
				ENABLE_NS_ASSERTIONS = NO;
				ENABLE_STRICT_OBJC_MSGSEND = YES;
				GCC_C_LANGUAGE_STANDARD = gnu99;
				GCC_WARN_64_TO_32_BIT_CONVERSION = YES;
				GCC_WARN_ABOUT_RETURN_TYPE = YES_ERROR;
				GCC_WARN_UNDECLARED_SELECTOR = YES;
				GCC_WARN_UNINITIALIZED_AUTOS = YES_AGGRESSIVE;
				GCC_WARN_UNUSED_FUNCTION = YES;
				GCC_WARN_UNUSED_VARIABLE = YES;
				IPHONEOS_DEPLOYMENT_TARGET = 8.1;
				MTL_ENABLE_DEBUG_INFO = NO;
				SDKROOT = iphoneos;
				TARGETED_DEVICE_FAMILY = "1,2";
				VALIDATE_PRODUCT = YES;
			};
			name = Release;
		};
		77D9FE371A96E84A001CE02B /* Debug */ = {
			isa = XCBuildConfiguration;
			buildSettings = {
				ASSETCATALOG_COMPILER_APPICON_NAME = AppIcon;
				INFOPLIST_FILE = D62DataProtection/Info.plist;
				LD_RUNPATH_SEARCH_PATHS = "$(inherited) @executable_path/Frameworks";
				PRODUCT_NAME = "$(TARGET_NAME)";
			};
			name = Debug;
		};
		77D9FE381A96E84A001CE02B /* Release */ = {
			isa = XCBuildConfiguration;
			buildSettings = {
				ASSETCATALOG_COMPILER_APPICON_NAME = AppIcon;
				INFOPLIST_FILE = D62DataProtection/Info.plist;
				LD_RUNPATH_SEARCH_PATHS = "$(inherited) @executable_path/Frameworks";
				PRODUCT_NAME = "$(TARGET_NAME)";
			};
			name = Release;
		};
		77D9FE3A1A96E84A001CE02B /* Debug */ = {
			isa = XCBuildConfiguration;
			buildSettings = {
				BUNDLE_LOADER = "$(TEST_HOST)";
				FRAMEWORK_SEARCH_PATHS = (
					"$(SDKROOT)/Developer/Library/Frameworks",
					"$(inherited)",
				);
				GCC_PREPROCESSOR_DEFINITIONS = (
					"DEBUG=1",
					"$(inherited)",
				);
				INFOPLIST_FILE = D62DataProtectionTests/Info.plist;
				LD_RUNPATH_SEARCH_PATHS = "$(inherited) @executable_path/Frameworks @loader_path/Frameworks";
				PRODUCT_NAME = "$(TARGET_NAME)";
				TEST_HOST = "$(BUILT_PRODUCTS_DIR)/D62DataProtection.app/D62DataProtection";
			};
			name = Debug;
		};
		77D9FE3B1A96E84A001CE02B /* Release */ = {
			isa = XCBuildConfiguration;
			buildSettings = {
				BUNDLE_LOADER = "$(TEST_HOST)";
				FRAMEWORK_SEARCH_PATHS = (
					"$(SDKROOT)/Developer/Library/Frameworks",
					"$(inherited)",
				);
				INFOPLIST_FILE = D62DataProtectionTests/Info.plist;
				LD_RUNPATH_SEARCH_PATHS = "$(inherited) @executable_path/Frameworks @loader_path/Frameworks";
				PRODUCT_NAME = "$(TARGET_NAME)";
				TEST_HOST = "$(BUILT_PRODUCTS_DIR)/D62DataProtection.app/D62DataProtection";
			};
			name = Release;
		};
/* End XCBuildConfiguration section */

/* Begin XCConfigurationList section */
		77D9FE0E1A96E84A001CE02B /* Build configuration list for PBXProject "D62DataProtection" */ = {
			isa = XCConfigurationList;
			buildConfigurations = (
				77D9FE341A96E84A001CE02B /* Debug */,
				77D9FE351A96E84A001CE02B /* Release */,
			);
			defaultConfigurationIsVisible = 0;
			defaultConfigurationName = Release;
		};
		77D9FE361A96E84A001CE02B /* Build configuration list for PBXNativeTarget "D62DataProtection" */ = {
			isa = XCConfigurationList;
			buildConfigurations = (
				77D9FE371A96E84A001CE02B /* Debug */,
				77D9FE381A96E84A001CE02B /* Release */,
			);
			defaultConfigurationIsVisible = 0;
		};
		77D9FE391A96E84A001CE02B /* Build configuration list for PBXNativeTarget "D62DataProtectionTests" */ = {
			isa = XCConfigurationList;
			buildConfigurations = (
				77D9FE3A1A96E84A001CE02B /* Debug */,
				77D9FE3B1A96E84A001CE02B /* Release */,
			);
			defaultConfigurationIsVisible = 0;
		};
/* End XCConfigurationList section */
	};
	rootObject = 77D9FE0B1A96E84A001CE02B /* Project object */;
}
